# Level 95: GitHub Pages Unlock ⭐ THE BOSS FIGHT
level: 95
name: "GitHub Pages Unlock"
phase: "Transcendence"
milestone: true
milestone_emoji: "🌐"
boss_fight: true

description: |
  🌐 THE BOSS FIGHT 🌐
  
  GitHub Pages goes LIVE.
  All collected HTML/CSS/JS assembles.
  The board becomes a living website.
  Everything contributed so far MANIFESTS.
  
  This is what we built together.

rules:
  required_patterns:
    - "any"
  max_words: 999
  min_words: 1
  file_type: "any"
  max_files: 5
  pages_unlock:
    enabled: true
    deploy: true
    aggregate_all: true

validation:
  - type: "level_check"
    required: 95
  - type: "community_threshold"
    min_contributors: 10
    min_total_karma: 1000

karma:
  base: 501
  bonus_conditions:
    - condition: "pages_contributor"
      bonus: 100

unlock_message: "🌐 GITHUB PAGES UNLOCKED. The board lives. The website breathes."
celebration: true
visual_effect: "pages_deploy"
sound_effect: "transcendence"
